
Microsoft Visual Studio Solution File, Format Version 12.00
# Visual Studio Version 16
VisualStudioVersion = 16.0.31729.503
MinimumVisualStudioVersion = 10.0.40219.1
Project("{9A19103F-16F7-4668-BE54-9A1E7A4F7556}") = "Blockchain2.B", "Blockchain1.B\Blockchain2.B.csproj", "{5152F21C-81E0-49C2-A322-176227C773F9}"
EndProject
Global
	GlobalSection(SolutionConfigurationPlatforms) = preSolution
		Debug|Any CPU = Debug|Any CPU
		Release|Any CPU = Release|Any CPU
	EndGlobalSection
	GlobalSection(ProjectConfigurationPlatforms) = postSolution
		{5152F21C-81E0-49C2-A322-176227C773F9}.Debug|Any CPU.ActiveCfg = Debug|Any CPU
		{5152F21C-81E0-49C2-A322-176227C773F9}.Debug|Any CPU.Build.0 = Debug|Any CPU
		{5152F21C-81E0-49C2-A322-176227C773F9}.Release|Any CPU.ActiveCfg = Release|Any CPU
		{5152F21C-81E0-49C2-A322-176227C773F9}.Release|Any CPU.Build.0 = Release|Any CPU
	EndGlobalSection
	GlobalSection(SolutionProperties) = preSolution
		HideSolutionNode = FALSE
	EndGlobalSection
	GlobalSection(ExtensibilityGlobals) = postSolution
		SolutionGuid = {E879B783-C0B2-4B01-88BF-CE1EAD5A825F}
	EndGlobalSection
EndGlobal
